Microsoft Visual Studio Solution File, Format Version 12.00
# Visual Studio Version 17
VisualStudioVersion = 17.14.35821.62
MinimumVisualStudioVersion = 10.0.40219.1
Project("{FAE04EC0-301F-11D3-BF4B-00C04F79EFBC}") = "Manajemen_Karyawan", "Manajemen_Karyawan\Manajemen_Karyawan.csproj", "{1624D505-55CE-4F91-BB06-52D2721E1100}"
EndProject
Global
	GlobalSection(SolutionConfigurationPlatforms) = preSolution
		Debug|Any CPU = Debug|Any CPU
		Release|Any CPU = Release|Any CPU
	EndGlobalSection
	GlobalSection(ProjectConfigurationPlatforms) = postSolution
		{1624D505-55CE-4F91-BB06-52D2721E1100}.Debug|Any CPU.ActiveCfg = Debug|Any CPU
		{1624D505-55CE-4F91-BB06-52D2721E1100}.Debug|Any CPU.Build.0 = Debug|Any CPU
		{1624D505-55CE-4F91-BB06-52D2721E1100}.Release|Any CPU.ActiveCfg = Release|Any CPU
		{1624D505-55CE-4F91-BB06-52D2721E1100}.Release|Any CPU.Build.0 = Release|Any CPU
	EndGlobalSection
	GlobalSection(SolutionProperties) = preSolution
		HideSolutionNode = FALSE
	EndGlobalSection
	GlobalSection(ExtensibilityGlobals) = postSolution
		SolutionGuid = {40B87333-ABCC-42B2-A615-4A996FFD07B6}
	EndGlobalSection
EndGlobal
